{
  "originHash" : "a06f4d4ee124e3dadb19e7619d7155ebd9626d188f73ad4eb754505d2f0477a3",
  "pins" : [
    {
      "identity" : "metalcompilerplugin",
      "kind" : "remoteSourceControl",
      "location" : "https://github.com/schwa/MetalCompilerPlugin",
      "state" : {
        "revision" : "36c761478a8e3fb934acf8ef2db4696af95069b4",
        "version" : "0.1.5"
      }
    },
    {
      "identity" : "onnxruntime-swift-package-manager",
      "kind" : "remoteSourceControl",
      "location" : "https://github.com/microsoft/onnxruntime-swift-package-manager",
      "state" : {
        "revision" : "12ce7374c86944e1f68f3a866d10105d8357f074",
        "version" : "1.20.0"
      }
    },
    {
      "identity" : "swift-log",
      "kind" : "remoteSourceControl",
      "location" : "https://github.com/apple/swift-log.git",
      "state" : {
        "revision" : "ce592ae52f982c847a4efc0dd881cc9eb32d29f2",
        "version" : "1.6.4"
      }
    },
    {
      "identity" : "vectoraccelerate",
      "kind" : "remoteSourceControl",
      "location" : "https://github.com/gifton/VectorAccelerate.git",
      "state" : {
        "revision" : "31495358626e5ba01cb9f605b779a3939889adb0",
        "version" : "0.4.4"
      }
    },
    {
      "identity" : "vectorcore",
      "kind" : "remoteSourceControl",
      "location" : "https://github.com/gifton/VectorCore.git",
      "state" : {
        "revision" : "c602b2e912b2adb053db36300343402862a3f968",
        "version" : "0.2.1"
      }
    }
  ],
  "version" : 3
}
