{
  "originHash" : "78aaa219185c7bafefd081899e4341bfdbf1e4c6756b469046084637b3e5b4b3",
  "pins" : [
    {
      "identity" : "onnxruntime-swift-package-manager",
      "kind" : "remoteSourceControl",
      "location" : "https://github.com/microsoft/onnxruntime-swift-package-manager",
      "state" : {
        "revision" : "12ce7374c86944e1f68f3a866d10105d8357f074",
        "version" : "1.20.0"
      }
    },
    {
      "identity" : "swift-log",
      "kind" : "remoteSourceControl",
      "location" : "https://github.com/apple/swift-log.git",
      "state" : {
        "revision" : "ce592ae52f982c847a4efc0dd881cc9eb32d29f2",
        "version" : "1.6.4"
      }
    },
    {
      "identity" : "vectoraccelerate",
      "kind" : "remoteSourceControl",
      "location" : "https://github.com/gifton/VectorAccelerate.git",
      "state" : {
        "revision" : "07587bb9db70d40d0c5ce056ac233852af1485d0",
        "version" : "0.1.2"
      }
    },
    {
      "identity" : "vectorcore",
      "kind" : "remoteSourceControl",
      "location" : "https://github.com/gifton/VectorCore.git",
      "state" : {
        "revision" : "e9eae35477a6855155ba8389fa7f24f5b25cd5f0",
        "version" : "0.1.5"
      }
    },
    {
      "identity" : "vectorindex",
      "kind" : "remoteSourceControl",
      "location" : "https://github.com/gifton/VectorIndex.git",
      "state" : {
        "revision" : "2e0dd8f375311363b8390ca9d4ff3b0c9c4a4632",
        "version" : "0.1.2"
      }
    }
  ],
  "version" : 3
}
